// !$*UTF8*$!
{
	archiveVersion = 1;
	classes = {
	};
	objectVersion = 50;
	objects = {

/* Begin PBXBuildFile section */
		512239B82250FF3D00D3A51C /* ProfilePicView.swift in Sources */ = {isa = PBXBuildFile; fileRef = 512239B72250FF3D00D3A51C /* ProfilePicView.swift */; };
		512239BA2251032300D3A51C /* UpdateProfilePicButtonView.swift in Sources */ = {isa = PBXBuildFile; fileRef = 512239B92251032300D3A51C /* UpdateProfilePicButtonView.swift */; };
		513F78D72244C72B00593035 /* DiaryViewController.swift in Sources */ = {isa = PBXBuildFile; fileRef = 513F78D62244C72B00593035 /* DiaryViewController.swift */; };
		51DD0A0B224E28C70046DBFA /* SettingViewController.swift in Sources */ = {isa = PBXBuildFile; fileRef = 51DD0A0A224E28C70046DBFA /* SettingViewController.swift */; };
		53210247223E3EE60063A62F /* CalendarViewController.swift in Sources */ = {isa = PBXBuildFile; fileRef = 53210246223E3EE60063A62F /* CalendarViewController.swift */; };
		5380A235221FCC41005FE1E4 /* AppDelegate.swift in Sources */ = {isa = PBXBuildFile; fileRef = 5380A234221FCC41005FE1E4 /* AppDelegate.swift */; };
		5380A237221FCC41005FE1E4 /* ViewController.swift in Sources */ = {isa = PBXBuildFile; fileRef = 5380A236221FCC41005FE1E4 /* ViewController.swift */; };
		5380A23A221FCC41005FE1E4 /* Main.storyboard in Resources */ = {isa = PBXBuildFile; fileRef = 5380A238221FCC41005FE1E4 /* Main.storyboard */; };
		5380A23C221FCC43005FE1E4 /* Assets.xcassets in Resources */ = {isa = PBXBuildFile; fileRef = 5380A23B221FCC43005FE1E4 /* Assets.xcassets */; };
		5380A23F221FCC43005FE1E4 /* LaunchScreen.storyboard in Resources */ = {isa = PBXBuildFile; fileRef = 5380A23D221FCC43005FE1E4 /* LaunchScreen.storyboard */; };
		762EE46C2247880A006A0D05 /* EmailViewController.swift in Sources */ = {isa = PBXBuildFile; fileRef = 762EE46B2247880A006A0D05 /* EmailViewController.swift */; };
		762EE46F22478C80006A0D05 /* MessageUI.framework in Frameworks */ = {isa = PBXBuildFile; fileRef = 762EE46E22478C80006A0D05 /* MessageUI.framework */; };
		E1FE02362251CF1100F3BEEB /* Question.swift in Sources */ = {isa = PBXBuildFile; fileRef = E1FE02352251CF1100F3BEEB /* Question.swift */; };
		E1FE023A2251CF6000F3BEEB /* QueAndAnsViewController.swift in Sources */ = {isa = PBXBuildFile; fileRef = E1FE02392251CF6000F3BEEB /* QueAndAnsViewController.swift */; };
		E1FE023C2251CF8D00F3BEEB /* QuestionTableViewCell.swift in Sources */ = {isa = PBXBuildFile; fileRef = E1FE023B2251CF8D00F3BEEB /* QuestionTableViewCell.swift */; };
		E1FE023E2251CFC500F3BEEB /* QuesitonSet.swift in Sources */ = {isa = PBXBuildFile; fileRef = E1FE023D2251CFC500F3BEEB /* QuesitonSet.swift */; };
/* End PBXBuildFile section */

/* Begin PBXFileReference section */
		512239B72250FF3D00D3A51C /* ProfilePicView.swift */ = {isa = PBXFileReference; lastKnownFileType = sourcecode.swift; path = ProfilePicView.swift; sourceTree = "<group>"; };
		512239B92251032300D3A51C /* UpdateProfilePicButtonView.swift */ = {isa = PBXFileReference; lastKnownFileType = sourcecode.swift; path = UpdateProfilePicButtonView.swift; sourceTree = "<group>"; };
		513F78D62244C72B00593035 /* DiaryViewController.swift */ = {isa = PBXFileReference; lastKnownFileType = sourcecode.swift; path = DiaryViewController.swift; sourceTree = "<group>"; };
		51DD0A0A224E28C70046DBFA /* SettingViewController.swift */ = {isa = PBXFileReference; lastKnownFileType = sourcecode.swift; path = SettingViewController.swift; sourceTree = "<group>"; };
		53210246223E3EE60063A62F /* CalendarViewController.swift */ = {isa = PBXFileReference; lastKnownFileType = sourcecode.swift; path = CalendarViewController.swift; sourceTree = "<group>"; };
		5380A231221FCC41005FE1E4 /* EC-Calendar.app */ = {isa = PBXFileReference; explicitFileType = wrapper.application; includeInIndex = 0; path = "EC-Calendar.app"; sourceTree = BUILT_PRODUCTS_DIR; };
		5380A234221FCC41005FE1E4 /* AppDelegate.swift */ = {isa = PBXFileReference; lastKnownFileType = sourcecode.swift; path = AppDelegate.swift; sourceTree = "<group>"; };
		5380A236221FCC41005FE1E4 /* ViewController.swift */ = {isa = PBXFileReference; lastKnownFileType = sourcecode.swift; path = ViewController.swift; sourceTree = "<group>"; };
		5380A239221FCC41005FE1E4 /* Base */ = {isa = PBXFileReference; lastKnownFileType = file.storyboard; name = Base; path = Base.lproj/Main.storyboard; sourceTree = "<group>"; };
		5380A23B221FCC43005FE1E4 /* Assets.xcassets */ = {isa = PBXFileReference; lastKnownFileType = folder.assetcatalog; path = Assets.xcassets; sourceTree = "<group>"; };
		5380A23E221FCC43005FE1E4 /* Base */ = {isa = PBXFileReference; lastKnownFileType = file.storyboard; name = Base; path = Base.lproj/LaunchScreen.storyboard; sourceTree = "<group>"; };
		5380A240221FCC43005FE1E4 /* Info.plist */ = {isa = PBXFileReference; lastKnownFileType = text.plist.xml; path = Info.plist; sourceTree = "<group>"; };
		762EE46B2247880A006A0D05 /* EmailViewController.swift */ = {isa = PBXFileReference; lastKnownFileType = sourcecode.swift; path = EmailViewController.swift; sourceTree = "<group>"; };
		762EE46E22478C80006A0D05 /* MessageUI.framework */ = {isa = PBXFileReference; lastKnownFileType = wrapper.framework; name = MessageUI.framework; path = System/Library/Frameworks/MessageUI.framework; sourceTree = SDKROOT; };
		E1F43DB822413A6B00DAC8D6 /* zh-Hant */ = {isa = PBXFileReference; lastKnownFileType = text.plist.strings; name = "zh-Hant"; path = "zh-Hant.lproj/Main.strings"; sourceTree = "<group>"; };
		E1FE02352251CF1100F3BEEB /* Question.swift */ = {isa = PBXFileReference; lastKnownFileType = sourcecode.swift; path = Question.swift; sourceTree = "<group>"; };
		E1FE02392251CF6000F3BEEB /* QueAndAnsViewController.swift */ = {isa = PBXFileReference; lastKnownFileType = sourcecode.swift; path = QueAndAnsViewController.swift; sourceTree = "<group>"; };
		E1FE023B2251CF8D00F3BEEB /* QuestionTableViewCell.swift */ = {isa = PBXFileReference; lastKnownFileType = sourcecode.swift; path = QuestionTableViewCell.swift; sourceTree = "<group>"; };
		E1FE023D2251CFC500F3BEEB /* QuesitonSet.swift */ = {isa = PBXFileReference; lastKnownFileType = sourcecode.swift; path = QuesitonSet.swift; sourceTree = "<group>"; };
/* End PBXFileReference section */

/* Begin PBXFrameworksBuildPhase section */
		5380A22E221FCC41005FE1E4 /* Frameworks */ = {
			isa = PBXFrameworksBuildPhase;
			buildActionMask = 2147483647;
			files = (
				762EE46F22478C80006A0D05 /* MessageUI.framework in Frameworks */,
			);
			runOnlyForDeploymentPostprocessing = 0;
		};
/* End PBXFrameworksBuildPhase section */

/* Begin PBXGroup section */
		512239B42250FB8C00D3A51C /* View */ = {
			isa = PBXGroup;
			children = (
				512239B72250FF3D00D3A51C /* ProfilePicView.swift */,
				512239B92251032300D3A51C /* UpdateProfilePicButtonView.swift */,
				E1FE023B2251CF8D00F3BEEB /* QuestionTableViewCell.swift */,
			);
			path = View;
			sourceTree = "<group>";
		};
		513F78D82244C73500593035 /* Controller */ = {
			isa = PBXGroup;
			children = (
				513F78D62244C72B00593035 /* DiaryViewController.swift */,
				53210246223E3EE60063A62F /* CalendarViewController.swift */,
				51DD0A0A224E28C70046DBFA /* SettingViewController.swift */,
				E1FE02392251CF6000F3BEEB /* QueAndAnsViewController.swift */,
				762EE46B2247880A006A0D05 /* EmailViewController.swift */,
			);
			path = Controller;
			sourceTree = "<group>";
		};
		5380A228221FCC41005FE1E4 = {
			isa = PBXGroup;
			children = (
				5380A233221FCC41005FE1E4 /* EC-Calendar */,
				5380A232221FCC41005FE1E4 /* Products */,
				762EE46D22478C80006A0D05 /* Frameworks */,
			);
			sourceTree = "<group>";
		};
		5380A232221FCC41005FE1E4 /* Products */ = {
			isa = PBXGroup;
			children = (
				5380A231221FCC41005FE1E4 /* EC-Calendar.app */,
			);
			name = Products;
			sourceTree = "<group>";
		};
		5380A233221FCC41005FE1E4 /* EC-Calendar */ = {
			isa = PBXGroup;
			children = (
				513F78D82244C73500593035 /* Controller */,
				512239B42250FB8C00D3A51C /* View */,
				5380A234221FCC41005FE1E4 /* AppDelegate.swift */,
				5380A236221FCC41005FE1E4 /* ViewController.swift */,
				5380A238221FCC41005FE1E4 /* Main.storyboard */,
				E1FE02352251CF1100F3BEEB /* Question.swift */,
				E1FE023D2251CFC500F3BEEB /* QuesitonSet.swift */,
				5380A23B221FCC43005FE1E4 /* Assets.xcassets */,
				5380A23D221FCC43005FE1E4 /* LaunchScreen.storyboard */,
				5380A240221FCC43005FE1E4 /* Info.plist */,
			);
			path = "EC-Calendar";
			sourceTree = "<group>";
		};
		762EE46D22478C80006A0D05 /* Frameworks */ = {
			isa = PBXGroup;
			children = (
				762EE46E22478C80006A0D05 /* MessageUI.framework */,
			);
			name = Frameworks;
			sourceTree = "<group>";
		};
/* End PBXGroup section */

/* Begin PBXNativeTarget section */
		5380A230221FCC41005FE1E4 /* EC-Calendar */ = {
			isa = PBXNativeTarget;
			buildConfigurationList = 5380A243221FCC43005FE1E4 /* Build configuration list for PBXNativeTarget "EC-Calendar" */;
			buildPhases = (
				5380A22D221FCC41005FE1E4 /* Sources */,
				5380A22E221FCC41005FE1E4 /* Frameworks */,
				5380A22F221FCC41005FE1E4 /* Resources */,
			);
			buildRules = (
			);
			dependencies = (
			);
			name = "EC-Calendar";
			productName = "EC-Calendar";
			productReference = 5380A231221FCC41005FE1E4 /* EC-Calendar.app */;
			productType = "com.apple.product-type.application";
		};
/* End PBXNativeTarget section */

/* Begin PBXProject section */
		5380A229221FCC41005FE1E4 /* Project object */ = {
			isa = PBXProject;
			attributes = {
				LastSwiftUpdateCheck = 1010;
				LastUpgradeCheck = 1010;
				ORGANIZATIONNAME = Group8;
				TargetAttributes = {
					5380A230221FCC41005FE1E4 = {
						CreatedOnToolsVersion = 10.1;
					};
				};
			};
			buildConfigurationList = 5380A22C221FCC41005FE1E4 /* Build configuration list for PBXProject "EC-Calendar" */;
			compatibilityVersion = "Xcode 9.3";
			developmentRegion = en;
			hasScannedForEncodings = 0;
			knownRegions = (
				en,
				Base,
				"zh-Hant",
			);
			mainGroup = 5380A228221FCC41005FE1E4;
			productRefGroup = 5380A232221FCC41005FE1E4 /* Products */;
			projectDirPath = "";
			projectRoot = "";
			targets = (
				5380A230221FCC41005FE1E4 /* EC-Calendar */,
			);
		};
/* End PBXProject section */

/* Begin PBXResourcesBuildPhase section */
		5380A22F221FCC41005FE1E4 /* Resources */ = {
			isa = PBXResourcesBuildPhase;
			buildActionMask = 2147483647;
			files = (
				5380A23F221FCC43005FE1E4 /* LaunchScreen.storyboard in Resources */,
				5380A23C221FCC43005FE1E4 /* Assets.xcassets in Resources */,
				5380A23A221FCC41005FE1E4 /* Main.storyboard in Resources */,
			);
			runOnlyForDeploymentPostprocessing = 0;
		};
/* End PBXResourcesBuildPhase section */

/* Begin PBXSourcesBuildPhase section */
		5380A22D221FCC41005FE1E4 /* Sources */ = {
			isa = PBXSourcesBuildPhase;
			buildActionMask = 2147483647;
			files = (
				E1FE023C2251CF8D00F3BEEB /* QuestionTableViewCell.swift in Sources */,
				513F78D72244C72B00593035 /* DiaryViewController.swift in Sources */,
				53210247223E3EE60063A62F /* CalendarViewController.swift in Sources */,
				E1FE023A2251CF6000F3BEEB /* QueAndAnsViewController.swift in Sources */,
				E1FE023E2251CFC500F3BEEB /* QuesitonSet.swift in Sources */,
				5380A237221FCC41005FE1E4 /* ViewController.swift in Sources */,
				E1FE02362251CF1100F3BEEB /* Question.swift in Sources */,
				5380A235221FCC41005FE1E4 /* AppDelegate.swift in Sources */,
				512239BA2251032300D3A51C /* UpdateProfilePicButtonView.swift in Sources */,
				762EE46C2247880A006A0D05 /* EmailViewController.swift in Sources */,
				51DD0A0B224E28C70046DBFA /* SettingViewController.swift in Sources */,
				512239B82250FF3D00D3A51C /* ProfilePicView.swift in Sources */,
			);
			runOnlyForDeploymentPostprocessing = 0;
		};
/* End PBXSourcesBuildPhase section */

/* Begin PBXVariantGroup section */
		5380A238221FCC41005FE1E4 /* Main.storyboard */ = {
			isa = PBXVariantGroup;
			children = (
				5380A239221FCC41005FE1E4 /* Base */,
				E1F43DB822413A6B00DAC8D6 /* zh-Hant */,
			);
			name = Main.storyboard;
			sourceTree = "<group>";
		};
		5380A23D221FCC43005FE1E4 /* LaunchScreen.storyboard */ = {
			isa = PBXVariantGroup;
			children = (
				5380A23E221FCC43005FE1E4 /* Base */,
			);
			name = LaunchScreen.storyboard;
			sourceTree = "<group>";
		};
/* End PBXVariantGroup section */

/* Begin XCBuildConfiguration section */
		5380A241221FCC43005FE1E4 /* Debug */ = {
			isa = XCBuildConfiguration;
			buildSettings = {
				ALWAYS_SEARCH_USER_PATHS = NO;
				CLANG_ANALYZER_LOCALIZABILITY_NONLOCALIZED = YES;
				CLANG_ANALYZER_NONNULL = YES;
				CLANG_ANALYZER_NUMBER_OBJECT_CONVERSION = YES_AGGRESSIVE;
				CLANG_CXX_LANGUAGE_STANDARD = "gnu++14";
				CLANG_CXX_LIBRARY = "libc++";
				CLANG_ENABLE_MODULES = YES;
				CLANG_ENABLE_OBJC_ARC = YES;
				CLANG_ENABLE_OBJC_WEAK = YES;
				CLANG_WARN_BLOCK_CAPTURE_AUTORELEASING = YES;
				CLANG_WARN_BOOL_CONVERSION = YES;
				CLANG_WARN_COMMA = YES;
				CLANG_WARN_CONSTANT_CONVERSION = YES;
				CLANG_WARN_DEPRECATED_OBJC_IMPLEMENTATIONS = YES;
				CLANG_WARN_DIRECT_OBJC_ISA_USAGE = YES_ERROR;
				CLANG_WARN_DOCUMENTATION_COMMENTS = YES;
				CLANG_WARN_EMPTY_BODY = YES;
				CLANG_WARN_ENUM_CONVERSION = YES;
				CLANG_WARN_INFINITE_RECURSION = YES;
				CLANG_WARN_INT_CONVERSION = YES;
				CLANG_WARN_NON_LITERAL_NULL_CONVERSION = YES;
				CLANG_WARN_OBJC_IMPLICIT_RETAIN_SELF = YES;
				CLANG_WARN_OBJC_LITERAL_CONVERSION = YES;
				CLANG_WARN_OBJC_ROOT_CLASS = YES_ERROR;
				CLANG_WARN_RANGE_LOOP_ANALYSIS = YES;
				CLANG_WARN_STRICT_PROTOTYPES = YES;
				CLANG_WARN_SUSPICIOUS_MOVE = YES;
				CLANG_WARN_UNGUARDED_AVAILABILITY = YES_AGGRESSIVE;
				CLANG_WARN_UNREACHABLE_CODE = YES;
				CLANG_WARN__DUPLICATE_METHOD_MATCH = YES;
				CODE_SIGN_IDENTITY = "iPhone Developer";
				COPY_PHASE_STRIP = NO;
				DEBUG_INFORMATION_FORMAT = dwarf;
				ENABLE_STRICT_OBJC_MSGSEND = YES;
				ENABLE_TESTABILITY = YES;
				GCC_C_LANGUAGE_STANDARD = gnu11;
				GCC_DYNAMIC_NO_PIC = NO;
				GCC_NO_COMMON_BLOCKS = YES;
				GCC_OPTIMIZATION_LEVEL = 0;
				GCC_PREPROCESSOR_DEFINITIONS = (
					"DEBUG=1",
					"$(inherited)",
				);
				GCC_WARN_64_TO_32_BIT_CONVERSION = YES;
				GCC_WARN_ABOUT_RETURN_TYPE = YES_ERROR;
				GCC_WARN_UNDECLARED_SELECTOR = YES;
				GCC_WARN_UNINITIALIZED_AUTOS = YES_AGGRESSIVE;
				GCC_WARN_UNUSED_FUNCTION = YES;
				GCC_WARN_UNUSED_VARIABLE = YES;
				IPHONEOS_DEPLOYMENT_TARGET = 12.1;
				MTL_ENABLE_DEBUG_INFO = INCLUDE_SOURCE;
				MTL_FAST_MATH = YES;
				ONLY_ACTIVE_ARCH = YES;
				SDKROOT = iphoneos;
				SWIFT_ACTIVE_COMPILATION_CONDITIONS = DEBUG;
				SWIFT_OPTIMIZATION_LEVEL = "-Onone";
			};
			name = Debug;
		};
		5380A242221FCC43005FE1E4 /* Release */ = {
			isa = XCBuildConfiguration;
			buildSettings = {
				ALWAYS_SEARCH_USER_PATHS = NO;
				CLANG_ANALYZER_LOCALIZABILITY_NONLOCALIZED = YES;
				CLANG_ANALYZER_NONNULL = YES;
				CLANG_ANALYZER_NUMBER_OBJECT_CONVERSION = YES_AGGRESSIVE;
				CLANG_CXX_LANGUAGE_STANDARD = "gnu++14";
				CLANG_CXX_LIBRARY = "libc++";
				CLANG_ENABLE_MODULES = YES;
				CLANG_ENABLE_OBJC_ARC = YES;
				CLANG_ENABLE_OBJC_WEAK = YES;
				CLANG_WARN_BLOCK_CAPTURE_AUTORELEASING = YES;
				CLANG_WARN_BOOL_CONVERSION = YES;
				CLANG_WARN_COMMA = YES;
				CLANG_WARN_CONSTANT_CONVERSION = YES;
				CLANG_WARN_DEPRECATED_OBJC_IMPLEMENTATIONS = YES;
				CLANG_WARN_DIRECT_OBJC_ISA_USAGE = YES_ERROR;
				CLANG_WARN_DOCUMENTATION_COMMENTS = YES;
				CLANG_WARN_EMPTY_BODY = YES;
				CLANG_WARN_ENUM_CONVERSION = YES;
				CLANG_WARN_INFINITE_RECURSION = YES;
				CLANG_WARN_INT_CONVERSION = YES;
				CLANG_WARN_NON_LITERAL_NULL_CONVERSION = YES;
				CLANG_WARN_OBJC_IMPLICIT_RETAIN_SELF = YES;
				CLANG_WARN_OBJC_LITERAL_CONVERSION = YES;
				CLANG_WARN_OBJC_ROOT_CLASS = YES_ERROR;
				CLANG_WARN_RANGE_LOOP_ANALYSIS = YES;
				CLANG_WARN_STRICT_PROTOTYPES = YES;
				CLANG_WARN_SUSPICIOUS_MOVE = YES;
				CLANG_WARN_UNGUARDED_AVAILABILITY = YES_AGGRESSIVE;
				CLANG_WARN_UNREACHABLE_CODE = YES;
				CLANG_WARN__DUPLICATE_METHOD_MATCH = YES;
				CODE_SIGN_IDENTITY = "iPhone Developer";
				COPY_PHASE_STRIP = NO;
				DEBUG_INFORMATION_FORMAT = "dwarf-with-dsym";
				ENABLE_NS_ASSERTIONS = NO;
				ENABLE_STRICT_OBJC_MSGSEND = YES;
				GCC_C_LANGUAGE_STANDARD = gnu11;
				GCC_NO_COMMON_BLOCKS = YES;
				GCC_WARN_64_TO_32_BIT_CONVERSION = YES;
				GCC_WARN_ABOUT_RETURN_TYPE = YES_ERROR;
				GCC_WARN_UNDECLARED_SELECTOR = YES;
				GCC_WARN_UNINITIALIZED_AUTOS = YES_AGGRESSIVE;
				GCC_WARN_UNUSED_FUNCTION = YES;
				GCC_WARN_UNUSED_VARIABLE = YES;
				IPHONEOS_DEPLOYMENT_TARGET = 12.1;
				MTL_ENABLE_DEBUG_INFO = NO;
				MTL_FAST_MATH = YES;
				SDKROOT = iphoneos;
				SWIFT_COMPILATION_MODE = wholemodule;
				SWIFT_OPTIMIZATION_LEVEL = "-O";
				VALIDATE_PRODUCT = YES;
			};
			name = Release;
		};
		5380A244221FCC43005FE1E4 /* Debug */ = {
			isa = XCBuildConfiguration;
			buildSettings = {
				ASSETCATALOG_COMPILER_APPICON_NAME = AppIcon;
				CODE_SIGN_STYLE = Automatic;
				INFOPLIST_FILE = "EC-Calendar/Info.plist";
				LD_RUNPATH_SEARCH_PATHS = (
					"$(inherited)",
					"@executable_path/Frameworks",
				);
				PRODUCT_BUNDLE_IDENTIFIER = "CS4298.EC-Calendar";
				PRODUCT_NAME = "$(TARGET_NAME)";
				SWIFT_VERSION = 4.2;
				TARGETED_DEVICE_FAMILY = 1;
			};
			name = Debug;
		};
		5380A245221FCC43005FE1E4 /* Release */ = {
			isa = XCBuildConfiguration;
			buildSettings = {
				ASSETCATALOG_COMPILER_APPICON_NAME = AppIcon;
				CODE_SIGN_STYLE = Automatic;
				INFOPLIST_FILE = "EC-Calendar/Info.plist";
				LD_RUNPATH_SEARCH_PATHS = (
					"$(inherited)",
					"@executable_path/Frameworks",
				);
				PRODUCT_BUNDLE_IDENTIFIER = "CS4298.EC-Calendar";
				PRODUCT_NAME = "$(TARGET_NAME)";
				SWIFT_VERSION = 4.2;
				TARGETED_DEVICE_FAMILY = 1;
			};
			name = Release;
		};
/* End XCBuildConfiguration section */

/* Begin XCConfigurationList section */
		5380A22C221FCC41005FE1E4 /* Build configuration list for PBXProject "EC-Calendar" */ = {
			isa = XCConfigurationList;
			buildConfigurations = (
				5380A241221FCC43005FE1E4 /* Debug */,
				5380A242221FCC43005FE1E4 /* Release */,
			);
			defaultConfigurationIsVisible = 0;
			defaultConfigurationName = Release;
		};
		5380A243221FCC43005FE1E4 /* Build configuration list for PBXNativeTarget "EC-Calendar" */ = {
			isa = XCConfigurationList;
			buildConfigurations = (
				5380A244221FCC43005FE1E4 /* Debug */,
				5380A245221FCC43005FE1E4 /* Release */,
			);
			defaultConfigurationIsVisible = 0;
			defaultConfigurationName = Release;
		};
/* End XCConfigurationList section */
	};
	rootObject = 5380A229221FCC41005FE1E4 /* Project object */;
}
